
Microsoft Visual Studio Solution File, Format Version 12.00
# Visual Studio Version 17
VisualStudioVersion = 17.7.34031.279
MinimumVisualStudioVersion = 10.0.40219.1
Project("{FAE04EC0-301F-11D3-BF4B-00C04F79EFBC}") = "BattleBoats", "BattleBoats\BattleBoats.csproj", "{8311DB30-FE36-472C-8EB0-CC8BB8121E6B}"
EndProject
Global
	GlobalSection(SolutionConfigurationPlatforms) = preSolution
		Debug|Any CPU = Debug|Any CPU
		Release|Any CPU = Release|Any CPU
	EndGlobalSection
	GlobalSection(ProjectConfigurationPlatforms) = postSolution
		{8311DB30-FE36-472C-8EB0-CC8BB8121E6B}.Debug|Any CPU.ActiveCfg = Debug|Any CPU
		{8311DB30-FE36-472C-8EB0-CC8BB8121E6B}.Debug|Any CPU.Build.0 = Debug|Any CPU
		{8311DB30-FE36-472C-8EB0-CC8BB8121E6B}.Release|Any CPU.ActiveCfg = Release|Any CPU
		{8311DB30-FE36-472C-8EB0-CC8BB8121E6B}.Release|Any CPU.Build.0 = Release|Any CPU
	EndGlobalSection
	GlobalSection(SolutionProperties) = preSolution
		HideSolutionNode = FALSE
	EndGlobalSection
	GlobalSection(ExtensibilityGlobals) = postSolution
		SolutionGuid = {29E1407C-6D89-4CD5-BBF5-30B0E0399AAE}
	EndGlobalSection
EndGlobal
